--- 
hash: bef8e852cae66c8d87e0f29efe0f8f7d8940ed9d
sources: 
- Rubygems: 
    uri: http://gemcutter.org
specs: 
- rake: 
    version: 0.8.7
- haml: 
    version: 3.0.6
- mocha: 
    version: 0.9.8
- nokogiri: 
    version: 1.4.2
- rack: 
    version: 1.2.0
- rack-test: 
    version: 0.5.0
- tilt: 
    version: "0.10"
- webrat: 
    version: 0.5.1
dependencies: 
  tilt: 
    version: = 0.10
    group: 
    - :default
  haml: 
    version: = 3.0.6
    group: 
    - :test
  mocha: 
    version: = 0.9.8
    group: 
    - :test
  rack-test: 
    version: = 0.5.0
    group: 
    - :test
  webrat: 
    version: = 0.5.1
    group: 
    - :test
